// !$*UTF8*$!
{
	archiveVersion = 1;
	classes = {
	};
	objectVersion = 46;
	objects = {

/* Begin PBXBuildFile section */
		A1D270101C5F645900DEEC29 /* AppDelegate.swift in Sources */ = {isa = PBXBuildFile; fileRef = A1D2700F1C5F645900DEEC29 /* AppDelegate.swift */; };
		A1D270171C5F645900DEEC29 /* Assets.xcassets in Resources */ = {isa = PBXBuildFile; fileRef = A1D270161C5F645900DEEC29 /* Assets.xcassets */; };
		A1D2704B1C5F695900DEEC29 /* MBProgressHUD.m in Sources */ = {isa = PBXBuildFile; fileRef = A1D270481C5F695900DEEC29 /* MBProgressHUD.m */; };
		A1D270521C5F704A00DEEC29 /* DataCapServiceConfiguration.swift in Sources */ = {isa = PBXBuildFile; fileRef = A1D270511C5F704A00DEEC29 /* DataCapServiceConfiguration.swift */; };
		A1D270541C5F7FEB00DEEC29 /* CameraViewController.swift in Sources */ = {isa = PBXBuildFile; fileRef = A1D270531C5F7FEB00DEEC29 /* CameraViewController.swift */; };
		A1D270581C5F8DC400DEEC29 /* CapureImageViewController.swift in Sources */ = {isa = PBXBuildFile; fileRef = A1D270571C5F8DC400DEEC29 /* CapureImageViewController.swift */; };
		A1D270621C5FA9E000DEEC29 /* Cheque.swift in Sources */ = {isa = PBXBuildFile; fileRef = A1D270611C5FA9E000DEEC29 /* Cheque.swift */; };
		A1D270691C5FC56200DEEC29 /* tessdata in Resources */ = {isa = PBXBuildFile; fileRef = A1D270681C5FC56200DEEC29 /* tessdata */; };
		A1D2706B1C60E4C100DEEC29 /* ChequeViewController.swift in Sources */ = {isa = PBXBuildFile; fileRef = A1D2706A1C60E4C100DEEC29 /* ChequeViewController.swift */; };
		F928B49C1CBEB71100669311 /* IBMCaptureUISDK.framework in Frameworks */ = {isa = PBXBuildFile; fileRef = F93EDEB41CBD341900523599 /* IBMCaptureUISDK.framework */; };
		F928B49D1CBEB71100669311 /* IBMCaptureUISDK.framework in Embed Frameworks */ = {isa = PBXBuildFile; fileRef = F93EDEB41CBD341900523599 /* IBMCaptureUISDK.framework */; settings = {ATTRIBUTES = (CodeSignOnCopy, RemoveHeadersOnCopy, ); }; };
		F928B49E1CBEB71100669311 /* IBMCaptureSDK.framework in Frameworks */ = {isa = PBXBuildFile; fileRef = F93EDEB51CBD341900523599 /* IBMCaptureSDK.framework */; };
		F928B49F1CBEB71100669311 /* IBMCaptureSDK.framework in Embed Frameworks */ = {isa = PBXBuildFile; fileRef = F93EDEB51CBD341900523599 /* IBMCaptureSDK.framework */; settings = {ATTRIBUTES = (CodeSignOnCopy, RemoveHeadersOnCopy, ); }; };
		F930145C1CBE55A500567E03 /* ChequeProcessor.swift in Sources */ = {isa = PBXBuildFile; fileRef = F930145B1CBE55A500567E03 /* ChequeProcessor.swift */; };
		F930145F1CBE9AF800567E03 /* ChequeZonalTemplate.swift in Sources */ = {isa = PBXBuildFile; fileRef = F930145E1CBE9AF800567E03 /* ChequeZonalTemplate.swift */; };
		F9A10E561CBD2ACB007812EB /* Main.storyboard in Resources */ = {isa = PBXBuildFile; fileRef = A1D270131C5F645900DEEC29 /* Main.storyboard */; };
		F9A10E571CBD2ACB007812EB /* LaunchScreen.storyboard in Resources */ = {isa = PBXBuildFile; fileRef = A1D270181C5F645900DEEC29 /* LaunchScreen.storyboard */; };
/* End PBXBuildFile section */

/* Begin PBXCopyFilesBuildPhase section */
		F928B4A01CBEB71100669311 /* Embed Frameworks */ = {
			isa = PBXCopyFilesBuildPhase;
			buildActionMask = 2147483647;
			dstPath = "";
			dstSubfolderSpec = 10;
			files = (
				F928B49D1CBEB71100669311 /* IBMCaptureUISDK.framework in Embed Frameworks */,
				F928B49F1CBEB71100669311 /* IBMCaptureSDK.framework in Embed Frameworks */,
			);
			name = "Embed Frameworks";
			runOnlyForDeploymentPostprocessing = 0;
		};
/* End PBXCopyFilesBuildPhase section */

/* Begin PBXFileReference section */
		A1D2700C1C5F645900DEEC29 /* HS Cheque Capture.app */ = {isa = PBXFileReference; explicitFileType = wrapper.application; includeInIndex = 0; path = "HS Cheque Capture.app"; sourceTree = BUILT_PRODUCTS_DIR; };
		A1D2700F1C5F645900DEEC29 /* AppDelegate.swift */ = {isa = PBXFileReference; lastKnownFileType = sourcecode.swift; path = AppDelegate.swift; sourceTree = "<group>"; };
		A1D270141C5F645900DEEC29 /* Base */ = {isa = PBXFileReference; lastKnownFileType = file.storyboard; name = Base; path = Base.lproj/Main.storyboard; sourceTree = "<group>"; };
		A1D270161C5F645900DEEC29 /* Assets.xcassets */ = {isa = PBXFileReference; lastKnownFileType = folder.assetcatalog; path = Assets.xcassets; sourceTree = "<group>"; };
		A1D270191C5F645900DEEC29 /* Base */ = {isa = PBXFileReference; lastKnownFileType = file.storyboard; name = Base; path = Base.lproj/LaunchScreen.storyboard; sourceTree = "<group>"; };
		A1D2701B1C5F645900DEEC29 /* Info.plist */ = {isa = PBXFileReference; lastKnownFileType = text.plist.xml; path = Info.plist; sourceTree = "<group>"; };
		A1D270411C5F66EF00DEEC29 /* HS Cheque Capture-iOS-Bridging-Header.h */ = {isa = PBXFileReference; lastKnownFileType = sourcecode.c.h; name = "HS Cheque Capture-iOS-Bridging-Header.h"; path = "Supporting Files/HS Cheque Capture-iOS-Bridging-Header.h"; sourceTree = "<group>"; };
		A1D270461C5F695900DEEC29 /* LICENSE */ = {isa = PBXFileReference; fileEncoding = 4; lastKnownFileType = text; name = LICENSE; path = "Third Party/MBProgressHUD/LICENSE"; sourceTree = "<group>"; };
		A1D270471C5F695900DEEC29 /* MBProgressHUD.h */ = {isa = PBXFileReference; fileEncoding = 4; lastKnownFileType = sourcecode.c.h; name = MBProgressHUD.h; path = "Third Party/MBProgressHUD/MBProgressHUD.h"; sourceTree = "<group>"; };
		A1D270481C5F695900DEEC29 /* MBProgressHUD.m */ = {isa = PBXFileReference; fileEncoding = 4; lastKnownFileType = sourcecode.c.objc; name = MBProgressHUD.m; path = "Third Party/MBProgressHUD/MBProgressHUD.m"; sourceTree = "<group>"; };
		A1D270511C5F704A00DEEC29 /* DataCapServiceConfiguration.swift */ = {isa = PBXFileReference; fileEncoding = 4; lastKnownFileType = sourcecode.swift; name = DataCapServiceConfiguration.swift; path = Service/DataCapServiceConfiguration.swift; sourceTree = "<group>"; };
		A1D270531C5F7FEB00DEEC29 /* CameraViewController.swift */ = {isa = PBXFileReference; fileEncoding = 4; lastKnownFileType = sourcecode.swift; name = CameraViewController.swift; path = UI/CameraViewController.swift; sourceTree = "<group>"; };
		A1D270571C5F8DC400DEEC29 /* CapureImageViewController.swift */ = {isa = PBXFileReference; fileEncoding = 4; lastKnownFileType = sourcecode.swift; name = CapureImageViewController.swift; path = UI/CapureImageViewController.swift; sourceTree = "<group>"; };
		A1D270611C5FA9E000DEEC29 /* Cheque.swift */ = {isa = PBXFileReference; fileEncoding = 4; lastKnownFileType = sourcecode.swift; path = Cheque.swift; sourceTree = "<group>"; };
		A1D270681C5FC56200DEEC29 /* tessdata */ = {isa = PBXFileReference; lastKnownFileType = folder; name = tessdata; path = ../tessdata; sourceTree = "<group>"; };
		A1D2706A1C60E4C100DEEC29 /* ChequeViewController.swift */ = {isa = PBXFileReference; fileEncoding = 4; lastKnownFileType = sourcecode.swift; name = ChequeViewController.swift; path = UI/ChequeViewController.swift; sourceTree = "<group>"; };
		F930145B1CBE55A500567E03 /* ChequeProcessor.swift */ = {isa = PBXFileReference; fileEncoding = 4; lastKnownFileType = sourcecode.swift; path = ChequeProcessor.swift; sourceTree = "<group>"; };
		F930145E1CBE9AF800567E03 /* ChequeZonalTemplate.swift */ = {isa = PBXFileReference; fileEncoding = 4; lastKnownFileType = sourcecode.swift; path = ChequeZonalTemplate.swift; sourceTree = "<group>"; };
		F93EDEB41CBD341900523599 /* IBMCaptureUISDK.framework */ = {isa = PBXFileReference; lastKnownFileType = wrapper.framework; path = IBMCaptureUISDK.framework; sourceTree = "<group>"; };
		F93EDEB51CBD341900523599 /* IBMCaptureSDK.framework */ = {isa = PBXFileReference; lastKnownFileType = wrapper.framework; path = IBMCaptureSDK.framework; sourceTree = "<group>"; };
/* End PBXFileReference section */

/* Begin PBXFrameworksBuildPhase section */
		A1D270091C5F645900DEEC29 /* Frameworks */ = {
			isa = PBXFrameworksBuildPhase;
			buildActionMask = 2147483647;
			files = (
				F928B49C1CBEB71100669311 /* IBMCaptureUISDK.framework in Frameworks */,
				F928B49E1CBEB71100669311 /* IBMCaptureSDK.framework in Frameworks */,
			);
			runOnlyForDeploymentPostprocessing = 0;
		};
/* End PBXFrameworksBuildPhase section */

/* Begin PBXGroup section */
		A1D270031C5F645900DEEC29 = {
			isa = PBXGroup;
			children = (
				A1D2700E1C5F645900DEEC29 /* HS Cheque Capture */,
				A1D2700D1C5F645900DEEC29 /* Products */,
			);
			sourceTree = "<group>";
		};
		A1D2700D1C5F645900DEEC29 /* Products */ = {
			isa = PBXGroup;
			children = (
				A1D2700C1C5F645900DEEC29 /* HS Cheque Capture.app */,
			);
			name = Products;
			sourceTree = "<group>";
		};
		A1D2700E1C5F645900DEEC29 /* HS Cheque Capture */ = {
			isa = PBXGroup;
			children = (
				F9A10E581CBD2E7D007812EB /* Application */,
				F9A10E4C1CBD2552007812EB /* Frameworks */,
				F930145D1CBE803D00567E03 /* Logic */,
				A1D2705E1C5F935F00DEEC29 /* Model */,
				F9A10E591CBD2E86007812EB /* Resources */,
				A1D270501C5F6EC200DEEC29 /* Service */,
				F9A10E5A1CBD2E98007812EB /* Storyboards */,
				A1D270401C5F66B800DEEC29 /* Supporting Files */,
				A1D2704D1C5F6A0C00DEEC29 /* UI */,
			);
			path = "HS Cheque Capture";
			sourceTree = "<group>";
		};
		A1D270401C5F66B800DEEC29 /* Supporting Files */ = {
			isa = PBXGroup;
			children = (
				A1D2701B1C5F645900DEEC29 /* Info.plist */,
				A1D270411C5F66EF00DEEC29 /* HS Cheque Capture-iOS-Bridging-Header.h */,
			);
			name = "Supporting Files";
			sourceTree = "<group>";
		};
		A1D270451C5F692100DEEC29 /* MBProgressHub */ = {
			isa = PBXGroup;
			children = (
				A1D270461C5F695900DEEC29 /* LICENSE */,
				A1D270471C5F695900DEEC29 /* MBProgressHUD.h */,
				A1D270481C5F695900DEEC29 /* MBProgressHUD.m */,
			);
			name = MBProgressHub;
			sourceTree = "<group>";
		};
		A1D2704D1C5F6A0C00DEEC29 /* UI */ = {
			isa = PBXGroup;
			children = (
				A1D270531C5F7FEB00DEEC29 /* CameraViewController.swift */,
				A1D270571C5F8DC400DEEC29 /* CapureImageViewController.swift */,
				A1D2706A1C60E4C100DEEC29 /* ChequeViewController.swift */,
			);
			name = UI;
			sourceTree = "<group>";
		};
		A1D270501C5F6EC200DEEC29 /* Service */ = {
			isa = PBXGroup;
			children = (
				A1D270511C5F704A00DEEC29 /* DataCapServiceConfiguration.swift */,
			);
			name = Service;
			sourceTree = "<group>";
		};
		A1D2705E1C5F935F00DEEC29 /* Model */ = {
			isa = PBXGroup;
			children = (
				A1D270611C5FA9E000DEEC29 /* Cheque.swift */,
				F930145E1CBE9AF800567E03 /* ChequeZonalTemplate.swift */,
			);
			name = Model;
			sourceTree = "<group>";
		};
		F930145D1CBE803D00567E03 /* Logic */ = {
			isa = PBXGroup;
			children = (
				F930145B1CBE55A500567E03 /* ChequeProcessor.swift */,
			);
			name = Logic;
			sourceTree = "<group>";
		};
		F9A10E4C1CBD2552007812EB /* Frameworks */ = {
			isa = PBXGroup;
			children = (
				F93EDEB41CBD341900523599 /* IBMCaptureUISDK.framework */,
				F93EDEB51CBD341900523599 /* IBMCaptureSDK.framework */,
				A1D270451C5F692100DEEC29 /* MBProgressHub */,
			);
			name = Frameworks;
			sourceTree = "<group>";
		};
		F9A10E581CBD2E7D007812EB /* Application */ = {
			isa = PBXGroup;
			children = (
				A1D2700F1C5F645900DEEC29 /* AppDelegate.swift */,
			);
			name = Application;
			sourceTree = "<group>";
		};
		F9A10E591CBD2E86007812EB /* Resources */ = {
			isa = PBXGroup;
			children = (
				A1D270681C5FC56200DEEC29 /* tessdata */,
				A1D270161C5F645900DEEC29 /* Assets.xcassets */,
			);
			name = Resources;
			sourceTree = "<group>";
		};
		F9A10E5A1CBD2E98007812EB /* Storyboards */ = {
			isa = PBXGroup;
			children = (
				A1D270131C5F645900DEEC29 /* Main.storyboard */,
				A1D270181C5F645900DEEC29 /* LaunchScreen.storyboard */,
			);
			name = Storyboards;
			sourceTree = "<group>";
		};
/* End PBXGroup section */

/* Begin PBXNativeTarget section */
		A1D2700B1C5F645900DEEC29 /* HS Cheque Capture */ = {
			isa = PBXNativeTarget;
			buildConfigurationList = A1D270341C5F645900DEEC29 /* Build configuration list for PBXNativeTarget "HS Cheque Capture" */;
			buildPhases = (
				A1D270081C5F645900DEEC29 /* Sources */,
				A1D270091C5F645900DEEC29 /* Frameworks */,
				A1D2700A1C5F645900DEEC29 /* Resources */,
				F928B4A01CBEB71100669311 /* Embed Frameworks */,
			);
			buildRules = (
			);
			dependencies = (
			);
			name = "HS Cheque Capture";
			productName = "HS Cheque Capture";
			productReference = A1D2700C1C5F645900DEEC29 /* HS Cheque Capture.app */;
			productType = "com.apple.product-type.application";
		};
/* End PBXNativeTarget section */

/* Begin PBXProject section */
		A1D270041C5F645900DEEC29 /* Project object */ = {
			isa = PBXProject;
			attributes = {
				LastSwiftUpdateCheck = 0720;
				LastUpgradeCheck = 0720;
				ORGANIZATIONNAME = "Daniel Crow";
				TargetAttributes = {
					A1D2700B1C5F645900DEEC29 = {
						CreatedOnToolsVersion = 7.2;
					};
				};
			};
			buildConfigurationList = A1D270071C5F645900DEEC29 /* Build configuration list for PBXProject "HS Cheque Capture" */;
			compatibilityVersion = "Xcode 3.2";
			developmentRegion = English;
			hasScannedForEncodings = 0;
			knownRegions = (
				en,
				Base,
			);
			mainGroup = A1D270031C5F645900DEEC29;
			productRefGroup = A1D2700D1C5F645900DEEC29 /* Products */;
			projectDirPath = "";
			projectRoot = "";
			targets = (
				A1D2700B1C5F645900DEEC29 /* HS Cheque Capture */,
			);
		};
/* End PBXProject section */

/* Begin PBXResourcesBuildPhase section */
		A1D2700A1C5F645900DEEC29 /* Resources */ = {
			isa = PBXResourcesBuildPhase;
			buildActionMask = 2147483647;
			files = (
				F9A10E561CBD2ACB007812EB /* Main.storyboard in Resources */,
				F9A10E571CBD2ACB007812EB /* LaunchScreen.storyboard in Resources */,
				A1D270171C5F645900DEEC29 /* Assets.xcassets in Resources */,
				A1D270691C5FC56200DEEC29 /* tessdata in Resources */,
			);
			runOnlyForDeploymentPostprocessing = 0;
		};
/* End PBXResourcesBuildPhase section */

/* Begin PBXSourcesBuildPhase section */
		A1D270081C5F645900DEEC29 /* Sources */ = {
			isa = PBXSourcesBuildPhase;
			buildActionMask = 2147483647;
			files = (
				A1D270521C5F704A00DEEC29 /* DataCapServiceConfiguration.swift in Sources */,
				A1D270581C5F8DC400DEEC29 /* CapureImageViewController.swift in Sources */,
				F930145C1CBE55A500567E03 /* ChequeProcessor.swift in Sources */,
				A1D270621C5FA9E000DEEC29 /* Cheque.swift in Sources */,
				A1D2704B1C5F695900DEEC29 /* MBProgressHUD.m in Sources */,
				F930145F1CBE9AF800567E03 /* ChequeZonalTemplate.swift in Sources */,
				A1D2706B1C60E4C100DEEC29 /* ChequeViewController.swift in Sources */,
				A1D270541C5F7FEB00DEEC29 /* CameraViewController.swift in Sources */,
				A1D270101C5F645900DEEC29 /* AppDelegate.swift in Sources */,
			);
			runOnlyForDeploymentPostprocessing = 0;
		};
/* End PBXSourcesBuildPhase section */

/* Begin PBXVariantGroup section */
		A1D270131C5F645900DEEC29 /* Main.storyboard */ = {
			isa = PBXVariantGroup;
			children = (
				A1D270141C5F645900DEEC29 /* Base */,
			);
			name = Main.storyboard;
			sourceTree = "<group>";
		};
		A1D270181C5F645900DEEC29 /* LaunchScreen.storyboard */ = {
			isa = PBXVariantGroup;
			children = (
				A1D270191C5F645900DEEC29 /* Base */,
			);
			name = LaunchScreen.storyboard;
			sourceTree = "<group>";
		};
/* End PBXVariantGroup section */

/* Begin XCBuildConfiguration section */
		A1D270321C5F645900DEEC29 /* Debug */ = {
			isa = XCBuildConfiguration;
			buildSettings = {
				ALWAYS_SEARCH_USER_PATHS = NO;
				CLANG_CXX_LANGUAGE_STANDARD = "gnu++0x";
				CLANG_CXX_LIBRARY = "libc++";
				CLANG_ENABLE_MODULES = YES;
				CLANG_ENABLE_OBJC_ARC = YES;
				CLANG_WARN_BOOL_CONVERSION = YES;
				CLANG_WARN_CONSTANT_CONVERSION = YES;
				CLANG_WARN_DIRECT_OBJC_ISA_USAGE = YES_ERROR;
				CLANG_WARN_EMPTY_BODY = YES;
				CLANG_WARN_ENUM_CONVERSION = YES;
				CLANG_WARN_INT_CONVERSION = YES;
				CLANG_WARN_OBJC_ROOT_CLASS = YES_ERROR;
				CLANG_WARN_UNREACHABLE_CODE = YES;
				CLANG_WARN__DUPLICATE_METHOD_MATCH = YES;
				"CODE_SIGN_IDENTITY[sdk=iphoneos*]" = "iPhone Developer";
				COPY_PHASE_STRIP = NO;
				DEBUG_INFORMATION_FORMAT = dwarf;
				ENABLE_STRICT_OBJC_MSGSEND = YES;
				ENABLE_TESTABILITY = YES;
				GCC_C_LANGUAGE_STANDARD = gnu99;
				GCC_DYNAMIC_NO_PIC = NO;
				GCC_NO_COMMON_BLOCKS = YES;
				GCC_OPTIMIZATION_LEVEL = 0;
				GCC_PREPROCESSOR_DEFINITIONS = (
					"DEBUG=1",
					"$(inherited)",
				);
				GCC_WARN_64_TO_32_BIT_CONVERSION = YES;
				GCC_WARN_ABOUT_RETURN_TYPE = YES_ERROR;
				GCC_WARN_UNDECLARED_SELECTOR = YES;
				GCC_WARN_UNINITIALIZED_AUTOS = YES_AGGRESSIVE;
				GCC_WARN_UNUSED_FUNCTION = YES;
				GCC_WARN_UNUSED_VARIABLE = YES;
				IPHONEOS_DEPLOYMENT_TARGET = 9.3;
				MTL_ENABLE_DEBUG_INFO = YES;
				ONLY_ACTIVE_ARCH = YES;
				SDKROOT = iphoneos;
				SWIFT_OPTIMIZATION_LEVEL = "-Onone";
				TARGETED_DEVICE_FAMILY = "1,2";
			};
			name = Debug;
		};
		A1D270331C5F645900DEEC29 /* Release */ = {
			isa = XCBuildConfiguration;
			buildSettings = {
				ALWAYS_SEARCH_USER_PATHS = NO;
				CLANG_CXX_LANGUAGE_STANDARD = "gnu++0x";
				CLANG_CXX_LIBRARY = "libc++";
				CLANG_ENABLE_MODULES = YES;
				CLANG_ENABLE_OBJC_ARC = YES;
				CLANG_WARN_BOOL_CONVERSION = YES;
				CLANG_WARN_CONSTANT_CONVERSION = YES;
				CLANG_WARN_DIRECT_OBJC_ISA_USAGE = YES_ERROR;
				CLANG_WARN_EMPTY_BODY = YES;
				CLANG_WARN_ENUM_CONVERSION = YES;
				CLANG_WARN_INT_CONVERSION = YES;
				CLANG_WARN_OBJC_ROOT_CLASS = YES_ERROR;
				CLANG_WARN_UNREACHABLE_CODE = YES;
				CLANG_WARN__DUPLICATE_METHOD_MATCH = YES;
				"CODE_SIGN_IDENTITY[sdk=iphoneos*]" = "iPhone Developer";
				COPY_PHASE_STRIP = NO;
				DEBUG_INFORMATION_FORMAT = "dwarf-with-dsym";
				ENABLE_NS_ASSERTIONS = NO;
				ENABLE_STRICT_OBJC_MSGSEND = YES;
				GCC_C_LANGUAGE_STANDARD = gnu99;
				GCC_NO_COMMON_BLOCKS = YES;
				GCC_WARN_64_TO_32_BIT_CONVERSION = YES;
				GCC_WARN_ABOUT_RETURN_TYPE = YES_ERROR;
				GCC_WARN_UNDECLARED_SELECTOR = YES;
				GCC_WARN_UNINITIALIZED_AUTOS = YES_AGGRESSIVE;
				GCC_WARN_UNUSED_FUNCTION = YES;
				GCC_WARN_UNUSED_VARIABLE = YES;
				IPHONEOS_DEPLOYMENT_TARGET = 9.3;
				MTL_ENABLE_DEBUG_INFO = NO;
				SDKROOT = iphoneos;
				TARGETED_DEVICE_FAMILY = "1,2";
				VALIDATE_PRODUCT = YES;
			};
			name = Release;
		};
		A1D270351C5F645900DEEC29 /* Debug */ = {
			isa = XCBuildConfiguration;
			buildSettings = {
				ASSETCATALOG_COMPILER_APPICON_NAME = AppIcon;
				ENABLE_BITCODE = NO;
				FRAMEWORK_SEARCH_PATHS = "$(PROJECT_DIR)/HS Cheque Capture";
				INFOPLIST_FILE = "HS Cheque Capture/Info.plist";
				LD_RUNPATH_SEARCH_PATHS = "$(inherited) @executable_path/Frameworks";
				OTHER_LDFLAGS = (
					"-framework",
					IBMCaptureUISDK,
					"-framework",
					IBMCaptureSDK,
				);
				PRODUCT_BUNDLE_IDENTIFIER = "com.ibm.demo.HS-Cheque-Capture";
				PRODUCT_NAME = "$(TARGET_NAME)";
				SWIFT_OBJC_BRIDGING_HEADER = "HS Cheque Capture//Supporting Files//HS Cheque Capture-iOS-Bridging-Header.h";
			};
			name = Debug;
		};
		A1D270361C5F645900DEEC29 /* Release */ = {
			isa = XCBuildConfiguration;
			buildSettings = {
				ASSETCATALOG_COMPILER_APPICON_NAME = AppIcon;
				ENABLE_BITCODE = NO;
				FRAMEWORK_SEARCH_PATHS = "$(PROJECT_DIR)/HS Cheque Capture";
				INFOPLIST_FILE = "HS Cheque Capture/Info.plist";
				LD_RUNPATH_SEARCH_PATHS = "$(inherited) @executable_path/Frameworks";
				OTHER_LDFLAGS = (
					"-framework",
					IBMCaptureUISDK,
					"-framework",
					IBMCaptureSDK,
				);
				PRODUCT_BUNDLE_IDENTIFIER = "com.ibm.demo.HS-Cheque-Capture";
				PRODUCT_NAME = "$(TARGET_NAME)";
				SWIFT_OBJC_BRIDGING_HEADER = "HS Cheque Capture//Supporting Files//HS Cheque Capture-iOS-Bridging-Header.h";
			};
			name = Release;
		};
/* End XCBuildConfiguration section */

/* Begin XCConfigurationList section */
		A1D270071C5F645900DEEC29 /* Build configuration list for PBXProject "HS Cheque Capture" */ = {
			isa = XCConfigurationList;
			buildConfigurations = (
				A1D270321C5F645900DEEC29 /* Debug */,
				A1D270331C5F645900DEEC29 /* Release */,
			);
			defaultConfigurationIsVisible = 0;
			defaultConfigurationName = Release;
		};
		A1D270341C5F645900DEEC29 /* Build configuration list for PBXNativeTarget "HS Cheque Capture" */ = {
			isa = XCConfigurationList;
			buildConfigurations = (
				A1D270351C5F645900DEEC29 /* Debug */,
				A1D270361C5F645900DEEC29 /* Release */,
			);
			defaultConfigurationIsVisible = 0;
			defaultConfigurationName = Release;
		};
/* End XCConfigurationList section */
	};
	rootObject = A1D270041C5F645900DEEC29 /* Project object */;
}
